# This file is @generated by PDM.
# It is not intended for manual editing.

[[package]]
name = "cx-freeze"
version = "6.14.9"
requires_python = ">=3.7.4"
summary = "Create standalone executables from Python scripts"
dependencies = [
    "cx-Logging>=3.1; sys_platform == \"win32\"",
    "lief>=0.12.0; sys_platform == \"win32\"",
    "patchelf>=0.14; sys_platform == \"linux\" and platform_machine == \"aarch64\"",
    "patchelf>=0.14; sys_platform == \"linux\" and platform_machine == \"i686\"",
    "patchelf>=0.14; sys_platform == \"linux\" and platform_machine == \"ppc64le\"",
    "patchelf>=0.14; sys_platform == \"linux\" and platform_machine == \"s390x\"",
    "patchelf>=0.14; sys_platform == \"linux\" and platform_machine == \"x86_64\"",
    "patchelf>=0.17.2.1; sys_platform == \"linux\" and platform_machine == \"armv7l\"",
    "setuptools<68,>=62.6",
]

[[package]]
name = "cx-logging"
version = "3.1.0"
requires_python = ">=3.7"
summary = "Python and C interfaces for logging"

[[package]]
name = "dnspython"
version = "2.3.0"
requires_python = ">=3.7,<4.0"
summary = "DNS toolkit"

[[package]]
name = "lief"
version = "0.13.0"
requires_python = ">=3.8"
summary = "Library to instrument executable formats"

[[package]]
name = "patchelf"
version = "0.17.2.1"
summary = "A small utility to modify the dynamic linker and RPATH of ELF executables."

[[package]]
name = "pymongo"
version = "4.3.3"
requires_python = ">=3.7"
summary = "Python driver for MongoDB <http://www.mongodb.org>"
dependencies = [
    "dnspython<3.0.0,>=1.16.0",
]

[[package]]
name = "setuptools"
version = "67.7.2"
requires_python = ">=3.7"
summary = "Easily download, build, install, upgrade, and uninstall Python packages"

[metadata]
lock_version = "4.2"
groups = ["default"]
content_hash = "sha256:ec4b0ea3d67598d4a38247064097c0f07837943be32d1b5ee9adfce9eb723927"

[metadata.files]
"cx-freeze 6.14.9" = [
    {url = "https://files.pythonhosted.org/packages/03/05/ce204a3d73ffff84bfe382ac844476364a76a3b4e963c09381fc0e398176/cx_Freeze-6.14.9-cp37-cp37m-musllinux_1_1_x86_64.whl", hash = "sha256:4c84216bf5e3176ef7034baeed1ede91d655be8d1e4990b08e530283a49065a4"},
    {url = "https://files.pythonhosted.org/packages/04/bb/48233360894257c6abd157db33c6447bb24c6d63d0a9cc43857e8305d637/cx_Freeze-6.14.9-cp37-cp37m-win_amd64.whl", hash = "sha256:2c6239bed70894929169c631eba3436912abfa0ac16293864c79756f3b02afb6"},
    {url = "https://files.pythonhosted.org/packages/0e/c4/bbf53e75d50996d0d8a1bb9770537e371e6fe510fd7d34dfcd360831b141/cx_Freeze-6.14.9-cp37-cp37m-manylinux_2_17_x86_64.manylinux2014_x86_64.whl", hash = "sha256:668598c1eb6ec4f782acc2a9e1b92d9fa6c17d81f5c5a85bcf3be7a50e16dc60"},
    {url = "https://files.pythonhosted.org/packages/14/14/caac5b483180dc1289982dce1d9bf4215fe90656b53d5b236aaecd3ba40b/cx_Freeze-6.14.9-cp310-cp310-manylinux_2_17_aarch64.manylinux2014_aarch64.whl", hash = "sha256:50b6216ca52e7c294dd48ee1225c6d3009915a3fcf5d4333c86a9c1d9e5e633a"},
    {url = "https://files.pythonhosted.org/packages/15/6c/e576216b082100793ed653261544629a50f9ded4f4bc01a76636b3fc6e58/cx_Freeze-6.14.9-cp311-cp311-win32.whl", hash = "sha256:f03268b8cb7a8138cb5d8027521d84bc98533348ec3b78499b28877f82a3b459"},
    {url = "https://files.pythonhosted.org/packages/16/3a/7416f87c685001abeefc3074036725d1a28dd4bc44959fd6b69d45ef0bcc/cx_Freeze-6.14.9.tar.gz", hash = "sha256:5e1caaf1f3031e435f35296a625b63ab05f045e3cf40b03e6b0d22f91eb8c427"},
    {url = "https://files.pythonhosted.org/packages/1e/33/76ecd1a956bd6366b429ac62dd4bdf258142d9b104ea2f32e60486ea983f/cx_Freeze-6.14.9-cp311-cp311-manylinux_2_17_aarch64.manylinux2014_aarch64.whl", hash = "sha256:114bf399a1a2772f2b89ab2db892d653faab4e61dd447a26c8e4566a8c3f042b"},
    {url = "https://files.pythonhosted.org/packages/23/69/fd5f42db719abd789fa92da9e63886ea1b0ca5691c9feb5a2aaca0a4436c/cx_Freeze-6.14.9-cp311-cp311-manylinux_2_17_x86_64.manylinux2014_x86_64.whl", hash = "sha256:5d18834c5d11fbd71b25a434e96d255670025388e3a038a8347488d517f31abb"},
    {url = "https://files.pythonhosted.org/packages/26/b0/8d8892c107979639360cf4bb8e1db5e158408d7e7a2a1e974f526fa595d8/cx_Freeze-6.14.9-cp38-cp38-musllinux_1_1_aarch64.whl", hash = "sha256:93aba583b0c60859b9caf3ad84533a9ba1c91a00350fe0f2e2551546bdde7bfd"},
    {url = "https://files.pythonhosted.org/packages/28/30/77aecf237600858a1cc2a79a4883b00050467f78ebc048420ea33f927c18/cx_Freeze-6.14.9-cp310-cp310-win_amd64.whl", hash = "sha256:3cf1df712ab4529bfda2aa4454946322f025d401cd91074272b89b48a9b7520f"},
    {url = "https://files.pythonhosted.org/packages/33/18/fcaa890c8d1b598bf5ccb5f27f11e4f9f86e2413d03ce55520da9bb030ca/cx_Freeze-6.14.9-cp38-cp38-manylinux_2_17_x86_64.manylinux2014_x86_64.whl", hash = "sha256:8a7e1f17a8d8eaf37b7bc7e84c2b529ef1eb149b3ddb2cb3e6bcef989e8bc0b0"},
    {url = "https://files.pythonhosted.org/packages/35/67/5b34ac6711980989d030450bb2007c68d2a6bde41ff54e6632a015e600d8/cx_Freeze-6.14.9-cp310-cp310-macosx_10_9_universal2.whl", hash = "sha256:045d05f3ba1ab90891af00be68f4586be15867e2a162b603120a4287b5f51476"},
    {url = "https://files.pythonhosted.org/packages/39/bd/29774f5c50c09911f64d81e374f33cf04ea938e87f501e2e7069ece6597c/cx_Freeze-6.14.9-cp310-cp310-manylinux_2_17_x86_64.manylinux2014_x86_64.whl", hash = "sha256:d21941047d0cb1cc09e2ce43eaddc967702009396728b67d4c84b56eeca2437a"},
    {url = "https://files.pythonhosted.org/packages/3b/a9/9deecaa31925690118b114314df494e60987076d614ddce99981983c9aff/cx_Freeze-6.14.9-cp39-cp39-macosx_11_0_arm64.whl", hash = "sha256:b25b019981110c17c9c7ef8dbd4234429026a55eee5b2dd7b4a10255aea740b1"},
    {url = "https://files.pythonhosted.org/packages/53/0a/bc4c3c35b7238ff71aa9779912fd151e433e818bb4fab19636105abcca19/cx_Freeze-6.14.9-cp39-cp39-manylinux_2_17_x86_64.manylinux2014_x86_64.whl", hash = "sha256:8afeaf07e06200c5038b04244b1e46b41da4c5ffa087183488953881104c5c3e"},
    {url = "https://files.pythonhosted.org/packages/5a/e8/6ae5f0c5b0ee6453005ecd000d0ccb1894e9e8184de77d2436665a049d47/cx_Freeze-6.14.9-cp38-cp38-win_amd64.whl", hash = "sha256:99adad4c318b89207086ef98146001bda1dc87eace43904f6aefb4b91e8d7872"},
    {url = "https://files.pythonhosted.org/packages/5c/06/a69f1532622bb86e946eff7f2b7d7056321b9703255a08a04755c5b9830c/cx_Freeze-6.14.9-cp311-cp311-musllinux_1_1_x86_64.whl", hash = "sha256:a5f908fcacfaada574d30110ed6fa1311a438af17a37c873a148df3c4aa7f667"},
    {url = "https://files.pythonhosted.org/packages/6c/6f/80913581bb2f4d2e9e75c72ffb73658ad21964cb5e7d5231b590fbd22cdf/cx_Freeze-6.14.9-cp39-cp39-macosx_10_9_universal2.whl", hash = "sha256:a715b802eb101ef1fccaa1f98bbd06f5b4062817a6ef8b957c02b21f41370cc6"},
    {url = "https://files.pythonhosted.org/packages/6e/ef/9e140111bff285c237cc6e535fcc279a8907d3764de89480439f0bafa454/cx_Freeze-6.14.9-cp310-cp310-macosx_11_0_arm64.whl", hash = "sha256:5fa2da0ce067b0e773f0daea3d67627b7c8769667a2aaf24f234890651564a9a"},
    {url = "https://files.pythonhosted.org/packages/6e/f2/b1eadabde081730775c47e2d095555ae89ad6f771373bcea17e0af4e3ef7/cx_Freeze-6.14.9-cp38-cp38-manylinux_2_17_aarch64.manylinux2014_aarch64.whl", hash = "sha256:02ff2d2e4db3c8083819ad1cc0abc06c7a23c0c3b8bd3686be08a8c83baf1272"},
    {url = "https://files.pythonhosted.org/packages/70/a7/37e42406e9769e960dbb05e14a81258b57e2527bc04a21b440c51a31e960/cx_Freeze-6.14.9-cp39-cp39-win32.whl", hash = "sha256:4bceeb50a96a03187e0c8ff7f1db55f9215006a6660de8e9161e44d5c57fcdd0"},
    {url = "https://files.pythonhosted.org/packages/76/13/c5df3b8a15bfa43b9287202d81c10f4f3aca784a28b1c540df4315b898a9/cx_Freeze-6.14.9-cp310-cp310-macosx_10_9_x86_64.whl", hash = "sha256:5f9ed5c036d625fd416ae4c6e6c2e41efbc2052ea7dfeb74e64dd861ebc6dcaa"},
    {url = "https://files.pythonhosted.org/packages/82/08/810c6ebd374b49f20462371ee8fc213d8e75b4d7be9ce40cef3a50d9d294/cx_Freeze-6.14.9-cp310-cp310-win32.whl", hash = "sha256:6f98d622dc818493fa48b45e8b1cebc06cf66f52bb09e6cf9901c94af9cd285d"},
    {url = "https://files.pythonhosted.org/packages/8e/ec/6003af56d509cee53726872eee6de73cf49fce1a01013766dc9e60a6ee78/cx_Freeze-6.14.9-cp37-cp37m-win32.whl", hash = "sha256:68b0f4148ea7dfdf57e8af16dd22af3840db013bcd6c0aaa6398b0fc41f1795f"},
    {url = "https://files.pythonhosted.org/packages/93/c4/bab179006571fcf3dbd2c1605c20686c5d6ce659ffb93c519f562c389ced/cx_Freeze-6.14.9-cp310-cp310-musllinux_1_1_x86_64.whl", hash = "sha256:5d38a43a4e788e05fb499729f08b51d8e35c92a4e937b4525d24c6fbc5329379"},
    {url = "https://files.pythonhosted.org/packages/99/a3/f932fd2112c2ac4e306bb9bf190354910f61666f68f2b8bf50d1f12f63e1/cx_Freeze-6.14.9-cp311-cp311-musllinux_1_1_aarch64.whl", hash = "sha256:b15d576410ec82b44f4b6401cb70612ed4f6d8c8f0a8490454caa446ca2234e5"},
    {url = "https://files.pythonhosted.org/packages/9a/76/d92c33708522a525fa44338be74f22484ae90346dc8445e93ab23cd78cfd/cx_Freeze-6.14.9-cp37-cp37m-musllinux_1_1_aarch64.whl", hash = "sha256:92ee68ae722d18a9f431428e6292ad615b39189f1b7ce9df171461bb7ee409da"},
    {url = "https://files.pythonhosted.org/packages/a5/1a/5900d1de9e7f3f8959912868700b4e86f6b62679a3da62a68e78b6a8c017/cx_Freeze-6.14.9-cp39-cp39-musllinux_1_1_aarch64.whl", hash = "sha256:7280b3867a61840b24aee8ff46e10a9c3618da661e38cbc75d4babacc011a985"},
    {url = "https://files.pythonhosted.org/packages/ad/d3/a29c215d0808b9797034b8c9ea5cc72286e197fe9eb5ce7cdb56e5e1465d/cx_Freeze-6.14.9-cp39-cp39-manylinux_2_17_aarch64.manylinux2014_aarch64.whl", hash = "sha256:6f1aa9072312aa40d89e9640538ce221a90bd2cc9f33d58efacf6dd7e563984b"},
    {url = "https://files.pythonhosted.org/packages/b1/5e/5ed3ce3056f994328f6924e5398b944c638681757ad4b55916d3476ff418/cx_Freeze-6.14.9-cp38-cp38-macosx_10_9_x86_64.whl", hash = "sha256:38c4b028a9f6667dfbf516c9cefd8a90e046e423760531fff22084c0ed26cbac"},
    {url = "https://files.pythonhosted.org/packages/b1/a8/ad8b183adf8bcbfbf654b2462fed7e5d08eb7de06e753f18a94879899b99/cx_Freeze-6.14.9-cp311-cp311-win_amd64.whl", hash = "sha256:d358d4ce0cc4c69caa4d54db3d6227c7c6bc6be099de3f4d8b73730680d43a38"},
    {url = "https://files.pythonhosted.org/packages/b4/37/bfd97fdb4ba810b9ec78ec407c75c189adb008f0a4f64ae46574bfeab15d/cx_Freeze-6.14.9-cp37-cp37m-manylinux_2_17_aarch64.manylinux2014_aarch64.whl", hash = "sha256:0b47518e1ed9a0770ab49037a2b0674df11b84447fee07f908f6e1e5adbf1fc0"},
    {url = "https://files.pythonhosted.org/packages/b5/b7/aed4cf9e0217ea9acadf8fbdf6e29bf83c8e50526441a8e5cb72bf8e581a/cx_Freeze-6.14.9-cp37-cp37m-macosx_10_9_x86_64.whl", hash = "sha256:343b5b68cbe0528619525dd8b32c291964b637e132e8e2a2e506a4dea7d33673"},
    {url = "https://files.pythonhosted.org/packages/cd/b2/a50202331f833d3329b4556b379d557079852c810a9c79915c3720a8cac4/cx_Freeze-6.14.9-cp38-cp38-musllinux_1_1_x86_64.whl", hash = "sha256:f7d7115511021d10e605e385beb6fcc2395bcb0c6e42cac59ea19b847b7e3a4a"},
    {url = "https://files.pythonhosted.org/packages/d3/f6/b7c41ef8222e6221e622dceb46f2eaae2aa2df48261bb3689f7a08cd0060/cx_Freeze-6.14.9-cp311-cp311-macosx_10_9_universal2.whl", hash = "sha256:cb69194738c54e70b4cccb458b7495b2c0fc3ff630284dff640b2c3ab2296850"},
    {url = "https://files.pythonhosted.org/packages/da/e4/028a957dba4a577074299bd5f9e0311724422e306b08f2cd2b3ca550d8dd/cx_Freeze-6.14.9-cp39-cp39-musllinux_1_1_x86_64.whl", hash = "sha256:c5f11a11c76e62188535cf739225a32a8f6cd96a7ab5a75652a2dffd39b74cf1"},
    {url = "https://files.pythonhosted.org/packages/dd/ef/ea9c015c90f7bef62ea7368a31515d0e524c53700fdc41317857dd380091/cx_Freeze-6.14.9-cp311-cp311-macosx_11_0_arm64.whl", hash = "sha256:6dad585ec8f708356de813946821ba7681c93d65003f885d3c3ebedc0e5ce1c3"},
    {url = "https://files.pythonhosted.org/packages/e7/24/d95071e12db7d38367ae4359a6e2f8bb66bf09e3ea8ebc60788b47c32cb6/cx_Freeze-6.14.9-cp38-cp38-win32.whl", hash = "sha256:d1b7bd2f4da6347d5748b1a27f6052fb82cb899b5a8f564f502111c7e77efa85"},
    {url = "https://files.pythonhosted.org/packages/f7/95/9ec4f993490f4bdd9b607184c526a90b6861e815fe996c1e3b3ff423f085/cx_Freeze-6.14.9-cp311-cp311-macosx_10_9_x86_64.whl", hash = "sha256:d73f6bb7953a78b13dcfe31b7656b1b806c0296241dc3ca0b5257ec74f0e87dd"},
    {url = "https://files.pythonhosted.org/packages/fa/a0/4d78e9d185d2ba2137e1c0929aaabdb10f329cbe6c0b465c9d75bfb6cb80/cx_Freeze-6.14.9-cp310-cp310-musllinux_1_1_aarch64.whl", hash = "sha256:bdcedd844af24c09d80059e7a215623d805ab0495f3d047027c108a44ac4fe48"},
    {url = "https://files.pythonhosted.org/packages/fa/a2/a7a9e777c411069838bf187c3b07afb5f020937f85ee2172305e1816a933/cx_Freeze-6.14.9-cp39-cp39-macosx_10_9_x86_64.whl", hash = "sha256:a853f86827e7edf3f9384a7af650827b4ad98274650a65a2c87a8b5a7c09dcd5"},
    {url = "https://files.pythonhosted.org/packages/ff/02/64b147b1e7a4b7a7ede9211ca07a79285c88239c08d507746a2bc67d12b7/cx_Freeze-6.14.9-cp39-cp39-win_amd64.whl", hash = "sha256:45acc480fd2dcf23f3ccc85a42597efc0f8308bc6920e6ca4625baba319eecfb"},
]
"cx-logging 3.1.0" = [
    {url = "https://files.pythonhosted.org/packages/03/8e/fab1a8ee65f601e02c29fa3acd552173f9bdd3299b2f0d0248d0dd50be44/cx_Logging-3.1.0-cp38-cp38-win32.whl", hash = "sha256:ae6d01072625de14584e79af4aade249b3b7080e90a3df6b47ada72b0ecd8b79"},
    {url = "https://files.pythonhosted.org/packages/07/15/295abc6c2e0bcfac86e38ed0436c3313b4abd8ec11fac5b7e6ec6bbe3cc3/cx_Logging-3.1.0-cp310-cp310-win_amd64.whl", hash = "sha256:7d69b2986e53f8f14d6fcd1614472f378edf63eea6c71c04d42cb215f7012717"},
    {url = "https://files.pythonhosted.org/packages/0f/a0/2645e1b25473b78102efc250957e7ee6ced1595a6f5573d2359505e88c0e/cx_Logging-3.1.0-cp38-cp38-manylinux_2_17_x86_64.manylinux2014_x86_64.whl", hash = "sha256:3accfa4ae945c3f65d7fc830058272e263b27e09672539d8dc2ed190a07be99e"},
    {url = "https://files.pythonhosted.org/packages/14/ab/cc600989c4ccb325aa778b55d03c907f2c3e7dfbc10c3e2a13c88e957547/cx_Logging-3.1.0-cp39-cp39-win_amd64.whl", hash = "sha256:8a1548d8339baf54c7f1f372e68d381be7ce3e9506f2aa0987e88670a446a773"},
    {url = "https://files.pythonhosted.org/packages/36/bf/7b81464f796d4e42434f7c4bfbd60d040b709bc02cbd40496feb67c9c498/cx_Logging-3.1.0-cp311-cp311-manylinux_2_17_x86_64.manylinux2014_x86_64.whl", hash = "sha256:564bea49c30342478ff2301c39a61c47c926e01146052b2a505ac11896ef51d2"},
    {url = "https://files.pythonhosted.org/packages/37/08/36edb39b7643b9b783f0a3c73506fdd613a6e2c84e2f9780d4b7a5d4b01f/cx_Logging-3.1.0-cp39-cp39-win32.whl", hash = "sha256:a98781f59652c58b0648a835b5f5a9cfcdc90957283818d1babf98aed3a5e28f"},
    {url = "https://files.pythonhosted.org/packages/3c/5f/212a569de44b8d26bce7ffa34ca17b0f37b320b9fc2d1956e0c87a67a2a7/cx_Logging-3.1.0-cp38-cp38-win_amd64.whl", hash = "sha256:10fca1790e3467548472987e1a39379a96b93da09bdc1b64b3075605d473aaf6"},
    {url = "https://files.pythonhosted.org/packages/3d/3d/40f44602f2ed72c7a9a4aa78e27ccd0c514727cb7890865fd4526e5bd88c/cx_Logging-3.1.0-cp37-cp37m-manylinux_2_17_x86_64.manylinux2014_x86_64.whl", hash = "sha256:8129e2d6bbff03fa7b09e9b587a5aed178fa16032508bae0f4db7e933fb43d08"},
    {url = "https://files.pythonhosted.org/packages/44/b2/2c47c75c38082a25899415836c8699ca8ae90d99cf70db9a69b489b2d727/cx_Logging-3.1.0-cp310-cp310-win32.whl", hash = "sha256:93ee6c9109d129f63344aa9da10dfc6c0d2ac3b2656599a4f884bf482c1fd2f6"},
    {url = "https://files.pythonhosted.org/packages/56/0a/654ff919fe9ac4a265eeb47f2a2995dc2dd80ee82fabd6a151d4c8313deb/cx_Logging-3.1.0-cp39-cp39-manylinux_2_17_aarch64.manylinux2014_aarch64.whl", hash = "sha256:78b82737e589d5805b044a64afa8d2782a388a42898af084c6ab76153bc531fb"},
    {url = "https://files.pythonhosted.org/packages/58/88/4f0d564356d1d6d40ba27dd7f6aec49d23491f966600a7bd5ddfe1c58457/cx_Logging-3.1.0-cp310-cp310-manylinux_2_17_x86_64.manylinux2014_x86_64.whl", hash = "sha256:f7f2d686ca7347e14d248e4f57279b9340b305f86888806313111ab7964835f4"},
    {url = "https://files.pythonhosted.org/packages/6e/34/baeb86781f800540d8c058390d62e428068b6768c7ca9859faa9a807f32e/cx_Logging-3.1.0-cp37-cp37m-manylinux_2_17_aarch64.manylinux2014_aarch64.whl", hash = "sha256:1937991c2daab59ced3bf8f52b1052b0157c0c30f229aa87bd384ab18dc8d1f3"},
    {url = "https://files.pythonhosted.org/packages/75/ac/3760bb9fd53948673adf1c86d26dc684ed0f923b8d525c1a9b89543110d3/cx_Logging-3.1.0-cp311-cp311-win_amd64.whl", hash = "sha256:c61388bd9410817839187dab602f47d307f3f58df2dd11fb698cd321b8b48985"},
    {url = "https://files.pythonhosted.org/packages/7b/f3/12388176c165943b3bee17929fb999f8f262afe03b7bbf264f1ca96f02dd/cx_Logging-3.1.0-cp37-cp37m-win_amd64.whl", hash = "sha256:ce9a37ab15890a87d144a7206c30d16192b67e63e8e52f02c579daa72a10767e"},
    {url = "https://files.pythonhosted.org/packages/7c/61/201ea2ec81fba62e964ce86f884a1a7022c35f5571c458035704cf025b0b/cx_Logging-3.1.0-cp311-cp311-win32.whl", hash = "sha256:cfd260cd431f2087cac2a9bfb738c2e428eb30e2b85ba0e0bce8dde2cb4843eb"},
    {url = "https://files.pythonhosted.org/packages/89/bb/1eb3c93c8d9d8f0190b4bd347a16daf412ab57dfe03aa60e1c2e2b0388f5/cx_Logging-3.1.0-cp37-cp37m-win32.whl", hash = "sha256:80aac0557464995780769535edf8057bab79a54cb4126363a7134b4ae38d25a3"},
    {url = "https://files.pythonhosted.org/packages/8e/0f/bf59dd6e0682dd25597783f03203c4114d681a0c9c35ac55aaa8694d1ef9/cx_Logging-3.1.0.tar.gz", hash = "sha256:8a06834d8527aa904a68b25c9c1a5fa09f0dfdc94dbd9f86b81cd8d2f7a0e487"},
    {url = "https://files.pythonhosted.org/packages/c3/2f/1503b142334559b37f98b7eb4e8360746560ce817f09852dee16b51de9fa/cx_Logging-3.1.0-cp39-cp39-manylinux_2_17_x86_64.manylinux2014_x86_64.whl", hash = "sha256:82fc9cd57a4c151856759d76b9e44700913de60d6b97d661000577dad89f383b"},
    {url = "https://files.pythonhosted.org/packages/ca/a2/b2ed1b0a52acde15e40f4bae2dcfee577d12de084854eea21fb230fa4ea2/cx_Logging-3.1.0-cp38-cp38-manylinux_2_17_aarch64.manylinux2014_aarch64.whl", hash = "sha256:8040a77b922eacd342d2dc0804a06425d772cf9cde61dd4c01e61aaaf9189f9f"},
    {url = "https://files.pythonhosted.org/packages/d5/e4/af669544b8573d3aca606e11b5c7066a2283dd19fdc0116577198c6885a3/cx_Logging-3.1.0-cp310-cp310-manylinux_2_17_aarch64.manylinux2014_aarch64.whl", hash = "sha256:9d6aee2d91d4abeafa8ae1a5cacdcc363031ab6e69a3c5b221b294f5b94b0830"},
    {url = "https://files.pythonhosted.org/packages/e6/f3/47d65b390b3c1e7915f42fdcf002814282fb82831be6b0a7bd012fba7db4/cx_Logging-3.1.0-cp311-cp311-manylinux_2_17_aarch64.manylinux2014_aarch64.whl", hash = "sha256:4e16a66e8ce16b28a79c9dcf9bda2f36297bd552ec7d9a80cc70e19970d49460"},
]
"dnspython 2.3.0" = [
    {url = "https://files.pythonhosted.org/packages/12/86/d305e87555430ff4630d729420d97dece3b16efcbf2b7d7e974d11b0d86c/dnspython-2.3.0-py3-none-any.whl", hash = "sha256:89141536394f909066cabd112e3e1a37e4e654db00a25308b0f130bc3152eb46"},
    {url = "https://files.pythonhosted.org/packages/91/8b/522301c50ca1f78b09c2ca116ffb0fd797eadf6a76085d376c01f9dd3429/dnspython-2.3.0.tar.gz", hash = "sha256:224e32b03eb46be70e12ef6d64e0be123a64e621ab4c0822ff6d450d52a540b9"},
]
"lief 0.13.0" = [
    {url = "https://files.pythonhosted.org/packages/00/27/928875c493c45de8fce4a30c65da8e39c1e3e6e782a511dc8543ddc886fc/lief-0.13.0-cp311-cp311-macosx_10_14_x86_64.whl", hash = "sha256:8740abb2c0fb38a5040f4559a3766b724228a97155e92aa8cc8fa01bef1cea83"},
    {url = "https://files.pythonhosted.org/packages/05/4e/75165c6ad0d87608aed3c55caa9f93ece63bb77acdefa0a31deca020fcdc/lief-0.13.0-cp311-cp311-manylinux2014_aarch64.whl", hash = "sha256:41ad87a7233927fef40c6b7e60684b962e623ef21d28be3528c9bd943be710b7"},
    {url = "https://files.pythonhosted.org/packages/09/ad/f2b2a98caad655ee0a9948c35fb2142b9e0ca437f2f339eb5c22a0328b1d/lief-0.13.0-cp310-cp310-macosx_10_14_x86_64.whl", hash = "sha256:e573bf1e37cd580ef87243d0dc48d5c56d535b84a8c91b9fa28f9631643cdc51"},
    {url = "https://files.pythonhosted.org/packages/0f/bd/2e039580dd48f32a6d6d5bafda9d508100c161c0cf10bc03c8bd0a43df18/lief-0.13.0-cp38-cp38-win_amd64.whl", hash = "sha256:e15fabc5c86ebad7300c8eed1dcecb0a20e9fd4669b304192625edbb34b6e7f3"},
    {url = "https://files.pythonhosted.org/packages/2d/94/b99e0ad9a224d32d43d389a71417f14b626a796085650ca34134f7298ed1/lief-0.13.0-cp39-cp39-win32.whl", hash = "sha256:2cfd8496ac85b64569a07f4cdd1e7424039e24113bdebc9ecc99694a8cf856f7"},
    {url = "https://files.pythonhosted.org/packages/39/e6/b296ce964510e72e71a4614aac0ecffee56ff971d2b3a668e61661be7d43/lief-0.13.0-cp38-cp38-win32.whl", hash = "sha256:e744f3523913a1101af34c71e1c10a14a5c50eaaf054a53d469df19070e980d6"},
    {url = "https://files.pythonhosted.org/packages/3a/3c/68be3cc67033dd233303e2e162904a2abdd56088577b23714ecaae92f357/lief-0.13.0-cp38-cp38-macosx_10_14_x86_64.whl", hash = "sha256:c91e389604f4689d1de712b003d0df2ff9d3f47fd71e1bd4f1b36692a34ed97d"},
    {url = "https://files.pythonhosted.org/packages/42/dd/b81296b74704133878509ad3381bbf27150390f68bbf02a65c5901314804/lief-0.13.0-cp310-cp310-manylinux_2_24_x86_64.whl", hash = "sha256:c072929606f621697c9da2fabefccf8dac47a4283b8988ae9b3f6ca332352d66"},
    {url = "https://files.pythonhosted.org/packages/46/b1/1d141d830a0d5bb0fc893668186b75901fdd6015fc01ecd9ff29b0404e39/lief-0.13.0-cp310-cp310-macosx_11_0_arm64.whl", hash = "sha256:c49aa1e573ddf7d9946d9779b5f4edad782976368c15094c6a815533fc1b50fd"},
    {url = "https://files.pythonhosted.org/packages/55/a3/335985dcd537da7dbf8df1bbf7a960cad42992bf5f3e0e4c030e43c2470e/lief-0.13.0-cp311-cp311-manylinux_2_24_x86_64.whl", hash = "sha256:cacf8097970ddd5bbb82a6ad5c02f0423767300a3457d84566643cf3c4d7a69f"},
    {url = "https://files.pythonhosted.org/packages/6c/3a/801915f2c67789b2212b1aacc0475eb6972eadd6f303bc8243053938c93c/lief-0.13.0-cp310-cp310-win32.whl", hash = "sha256:6c74fe1684f859a041408d6fc4c6262686bfb74d64afe38f7373c173fd144ac5"},
    {url = "https://files.pythonhosted.org/packages/6e/52/736a49e4444ff5eed775d86d9c8a0a8180e5f265fe8e164268a635d068fa/lief-0.13.0-cp39-cp39-macosx_11_0_arm64.whl", hash = "sha256:f453f70c3c19f1d24008ae7d2aee4de3b2d73d095b99db78a062288c7ff6232b"},
    {url = "https://files.pythonhosted.org/packages/7f/6d/ff1280cff2c3eaca4beb10307b3b476002a505216e455a46ffa166d02e41/lief-0.13.0-cp39-cp39-macosx_10_14_x86_64.whl", hash = "sha256:15c3e128d8c4ef9ba0f2d890003836e874ab285c5c09139df73fa4aef8abe70d"},
    {url = "https://files.pythonhosted.org/packages/bc/76/300308af64a7f59bdecd2cb9fc89cc35f7355369acf459858f8c10aabc98/lief-0.13.0-cp39-cp39-manylinux_2_24_x86_64.whl", hash = "sha256:28e15c164f49e66a6a876a12662414592f43444175d4fa9aad8d55654f4515af"},
    {url = "https://files.pythonhosted.org/packages/c1/f4/b2eea8da8b3649224e0fb097e9ad796d9ac05a9b297f912d9a4f5d055543/lief-0.13.0-cp311-cp311-macosx_11_0_arm64.whl", hash = "sha256:9daf09130edf02ca47b76f0b98390aa618b3d3bbc9c0588250b738ef50f4a539"},
    {url = "https://files.pythonhosted.org/packages/c3/aa/aa247089e9e7fbebb304cce63e0bfc771c19ea2f5a3d0b2277b117e26c8c/lief-0.13.0-cp310-cp310-manylinux2014_aarch64.whl", hash = "sha256:0740eb7b2093ed82570315d614671ad69cc21a062d73e9213a263eec7c11dc3a"},
    {url = "https://files.pythonhosted.org/packages/d2/9d/5ce14d6e6b864b2a016ae8be4cb60e37a37cc7a8f5c0b43bfda2d5629df3/lief-0.13.0-cp311-cp311-win32.whl", hash = "sha256:07986f0991e1f942d4a277e4b15fe37dbc5b2a54c3baf2a58e719d9b258ce810"},
    {url = "https://files.pythonhosted.org/packages/da/5e/e0ee17fb8ea291205c94e37abf984c7f6b49148b3b9c3ae6f66f8f8f443a/lief-0.13.0-cp310-cp310-win_amd64.whl", hash = "sha256:9f562a07f6fc4dc7958943fe840755932ffaf10da500ab1a537004ab61f6d3de"},
    {url = "https://files.pythonhosted.org/packages/df/23/1ef3f49c5db0602ca6f9f797dbe3675d8de857bd55fbf0f43658f60e0cf1/lief-0.13.0-cp311-cp311-win_amd64.whl", hash = "sha256:31825961aa778481e483dcb081a40daec3dfa78ca8b2a4acefc32040ce4886ad"},
    {url = "https://files.pythonhosted.org/packages/df/e0/4987e64e868dc4471f610268805a95ae73deed045cf0b8d2d9d197c02573/lief-0.13.0-cp39-cp39-win_amd64.whl", hash = "sha256:70b08135413abe034e11c7c931de29be3e1902dde717c0681623da4fa18a3714"},
    {url = "https://files.pythonhosted.org/packages/e6/db/05be52801549dfc702c865efe24692052ebe717fc90f26c08d4f72cb2d04/lief-0.13.0-cp38-cp38-manylinux_2_24_x86_64.whl", hash = "sha256:e1b292730658941035ea997de0fd6bd65393c660fe3a2afb53d737e6c4a156e4"},
    {url = "https://files.pythonhosted.org/packages/ea/90/982a6df7dc423e2ea5e73ae304780ad21af457ac52300956ff1cb996295c/lief-0.13.0-cp38-cp38-manylinux2014_aarch64.whl", hash = "sha256:379201222ba63ac62399eabe7c97de0bbe5736f2f72c000cc224ebe6724b4bab"},
    {url = "https://files.pythonhosted.org/packages/ff/2f/608a549ec9de0cd649d3cc2790cd1c2f44a5dfcc1cfbcb671ff77a24080c/lief-0.13.0-cp39-cp39-manylinux2014_aarch64.whl", hash = "sha256:456e162c5cf518b34763f1a3c849a4af0a16d6b603729930064679b2756e8710"},
]
"patchelf 0.17.2.1" = [
    {url = "https://files.pythonhosted.org/packages/08/d3/adedfbcff489605a0e907f390006ef7d59a3ac56a9e2dbe721ddbbb1e58e/patchelf-0.17.2.1-py2.py3-none-manylinux_2_17_s390x.manylinux2014_s390x.musllinux_1_1_s390x.whl", hash = "sha256:a9e6ebb0874a11f7ed56d2380bfaa95f00612b23b15f896583da30c2059fcfa8"},
    {url = "https://files.pythonhosted.org/packages/69/47/e02357d1075cdf4b56be39a6c218a5a2b0bd3896011120ae3765190ab527/patchelf-0.17.2.1-py2.py3-none-manylinux_2_17_armv7l.manylinux2014_armv7l.musllinux_1_1_armv7l.whl", hash = "sha256:ccb266a94edf016efe80151172c26cff8c2ec120a57a1665d257b0442784195d"},
    {url = "https://files.pythonhosted.org/packages/83/ec/ac383eb82792e092d8037649b382cf78a7b79c2ce4e5b861f61519b9b14e/patchelf-0.17.2.1.tar.gz", hash = "sha256:a6eb0dd452ce4127d0d5e1eb26515e39186fa609364274bc1b0b77539cfa7031"},
    {url = "https://files.pythonhosted.org/packages/92/78/3f4e19d6ba7acf1e01db6d82d23e0435a76466187644ce0dbcf6bd621317/patchelf-0.17.2.1-py2.py3-none-manylinux_2_17_ppc64le.manylinux2014_ppc64le.musllinux_1_1_ppc64le.whl", hash = "sha256:f47b5bdd6885cfb20abdd14c707d26eb6f499a7f52e911865548d4aa43385502"},
    {url = "https://files.pythonhosted.org/packages/c6/73/c3105c973dd2afcdc5d946ee211d5c4ecdf9d27bb54ae835b144e706e86d/patchelf-0.17.2.1-py2.py3-none-manylinux_2_5_x86_64.manylinux1_x86_64.musllinux_1_1_x86_64.whl", hash = "sha256:d1a9bc0d4fd80c038523ebdc451a1cce75237cfcc52dbd1aca224578001d5927"},
    {url = "https://files.pythonhosted.org/packages/c6/9b/33e54d5916863904609e40b53206e5a49cf649b71f7f787eddcbc27a9f5c/patchelf-0.17.2.1-py2.py3-none-manylinux_2_5_i686.manylinux1_i686.musllinux_1_1_i686.whl", hash = "sha256:3c8d58f0e4c1929b1c7c45ba8da5a84a8f1aa6a82a46e1cfb2e44a4d40f350e5"},
    {url = "https://files.pythonhosted.org/packages/ef/09/b7ec52d01ad2936c967e929fd076b0a2e4f94ce950c9440e38f98c67675e/patchelf-0.17.2.1-py2.py3-none-manylinux_2_17_aarch64.manylinux2014_aarch64.musllinux_1_1_aarch64.whl", hash = "sha256:fc329da0e8f628bd836dfb8eaf523547e342351fa8f739bf2b3fe4a6db5a297c"},
]
"pymongo 4.3.3" = [
    {url = "https://files.pythonhosted.org/packages/01/10/e7157fcda1db4f759c858f8d9dc001112eb630136894056bb29f332137c3/pymongo-4.3.3-cp37-cp37m-manylinux_2_5_x86_64.manylinux1_x86_64.whl", hash = "sha256:bb869707d8e30645ed6766e44098600ca6cdf7989c22a3ea2b7966bb1d98d4b2"},
    {url = "https://files.pythonhosted.org/packages/05/17/185c96a98d3d91ad3cdfbc9bc91ad8bea697cfaf1b3ca314f52006f71d2b/pymongo-4.3.3-cp310-cp310-win32.whl", hash = "sha256:dc0cff74cd36d7e1edba91baa09622c35a8a57025f2f2b7a41e3f83b1db73186"},
    {url = "https://files.pythonhosted.org/packages/0e/8f/1009913e8ad51390966811e0163ed6df2dfa43a6f632ac35f53e51b2321b/pymongo-4.3.3-cp39-cp39-manylinux2014_aarch64.whl", hash = "sha256:e2961b05f9c04a53da8bfc72f1910b6aec7205fcf3ac9c036d24619979bbee4b"},
    {url = "https://files.pythonhosted.org/packages/0e/9f/a4986f0a86fc017599bf4c8912c01005a27c536acd221041234e0cb9739a/pymongo-4.3.3-cp38-cp38-manylinux2014_x86_64.whl", hash = "sha256:4ed00f96e147f40b565fe7530d1da0b0f3ab803d5dd5b683834500fa5d195ec4"},
    {url = "https://files.pythonhosted.org/packages/10/58/cdf21baff3328e6ba3b960918cd48302c3973e97ea4dcfbdf6ae5bf18408/pymongo-4.3.3-cp37-cp37m-manylinux1_i686.whl", hash = "sha256:6fcfbf435eebf8a1765c6d1f46821740ebe9f54f815a05c8fc30d789ef43cb12"},
    {url = "https://files.pythonhosted.org/packages/11/a3/8f7b87dbb9fd496f14c596bb02487fdb44dbb58e3c39da3f0eb0199b1523/pymongo-4.3.3-cp310-cp310-manylinux_2_17_aarch64.manylinux2014_aarch64.whl", hash = "sha256:cdb87309de97c63cb9a69132e1cb16be470e58cffdfbad68fdd1dc292b22a840"},
    {url = "https://files.pythonhosted.org/packages/22/18/68b8a63f289df40df27623c99779acd9eb6c007a4546700e676e07d7c2d6/pymongo-4.3.3-cp39-cp39-manylinux_2_17_ppc64le.manylinux2014_ppc64le.whl", hash = "sha256:08fc250b5552ee97ceeae0f52d8b04f360291285fc7437f13daa516ce38fdbc6"},
    {url = "https://files.pythonhosted.org/packages/26/38/33270a35e265c1936ab3ea6863c02b9e3292ca013df9bd1e5ab1ed231ec7/pymongo-4.3.3-cp37-cp37m-manylinux_2_5_i686.manylinux1_i686.manylinux_2_17_i686.manylinux2014_i686.whl", hash = "sha256:5effd87c7d363890259eac16c56a4e8da307286012c076223997f8cc4a8c435b"},
    {url = "https://files.pythonhosted.org/packages/29/3f/230c83a6be6e037f4558c9b7a2b8dc6de55ebc68662b0a13f9ff800614f7/pymongo-4.3.3-cp39-cp39-manylinux_2_17_aarch64.manylinux2014_aarch64.whl", hash = "sha256:eac0a143ef4f28f49670bf89cb15847eb80b375d55eba401ca2f777cd425f338"},
    {url = "https://files.pythonhosted.org/packages/2c/5c/ab73b2fc15fd9930f07bce865c3f0d98fe90211b92889831a746d61d3830/pymongo-4.3.3-cp37-cp37m-manylinux_2_17_ppc64le.manylinux2014_ppc64le.whl", hash = "sha256:12f3621a46cdc7a9ba8080422262398a91762a581d27e0647746588d3f995c88"},
    {url = "https://files.pythonhosted.org/packages/2c/c7/302a0fa990e5c2e1b137b94a5dfc174437a77872990c6c05b21779fe9502/pymongo-4.3.3-cp39-cp39-manylinux2014_ppc64le.whl", hash = "sha256:c1a70c51da9fa95bd75c167edb2eb3f3c4d27bc4ddd29e588f21649d014ec0b7"},
    {url = "https://files.pythonhosted.org/packages/2e/d8/d35fcd7fd6d9b55ab6b317182884938d34c64c91dce9ff5cf3548ca5cd30/pymongo-4.3.3-cp39-cp39-macosx_10_9_universal2.whl", hash = "sha256:81d1a7303bd02ca1c5be4aacd4db73593f573ba8e0c543c04c6da6275fd7a47e"},
    {url = "https://files.pythonhosted.org/packages/2f/f0/33804cfc9113e0405063f0a777d213d9c006512cb06681a258ae559b3a8c/pymongo-4.3.3-cp311-cp311-manylinux_2_5_i686.manylinux1_i686.manylinux_2_17_i686.manylinux2014_i686.whl", hash = "sha256:f3055510fdfdb1775bc8baa359783022f70bb553f2d46e153c094dfcb08578ff"},
    {url = "https://files.pythonhosted.org/packages/38/68/928d7ce22719cfa255fb973b34aed6f04ac3ea89049ce69e3b092c30a60f/pymongo-4.3.3-cp39-cp39-manylinux_2_17_x86_64.manylinux2014_x86_64.whl", hash = "sha256:1074f1a6f23e28b983c96142f2d45be03ec55d93035b471c26889a7ad2365db3"},
    {url = "https://files.pythonhosted.org/packages/39/22/e5acdce322f6aed2c6b06b8afae19c0fdf01031db1f7dbaeb34df60396c1/pymongo-4.3.3-cp39-cp39-manylinux1_i686.whl", hash = "sha256:016c412118e1c23fef3a1eada4f83ae6e8844fd91986b2e066fc1b0013cdd9ae"},
    {url = "https://files.pythonhosted.org/packages/39/97/3a04c850755723d64555ae29fdec2d4eafe9f2a12c22d4dc5e41e846423d/pymongo-4.3.3-cp39-cp39-manylinux_2_17_s390x.manylinux2014_s390x.whl", hash = "sha256:704d939656e21b073bfcddd7228b29e0e8a93dd27b54240eaafc0b9a631629a6"},
    {url = "https://files.pythonhosted.org/packages/3c/30/3d7e6336cfc795655a7193d77853972c5b502f58e1992205ad1b9bd28128/pymongo-4.3.3-cp310-cp310-manylinux_2_5_i686.manylinux1_i686.manylinux_2_17_i686.manylinux2014_i686.whl", hash = "sha256:55b6163dac53ef1e5d834297810c178050bd0548a4136cd4e0f56402185916ca"},
    {url = "https://files.pythonhosted.org/packages/40/e3/dda96a2280058e08bc0dabeddf86bd3513e601f579134f2107680585636b/pymongo-4.3.3-cp311-cp311-manylinux_2_17_s390x.manylinux2014_s390x.whl", hash = "sha256:e7fac06a539daef4fcf5d8288d0d21b412f9b750454cd5a3cf90484665db442a"},
    {url = "https://files.pythonhosted.org/packages/42/0c/d2ad12aec55acdc4099134a8c87912d8fe01e2e1e5969b5d6c3485b99284/pymongo-4.3.3-cp37-cp37m-win_amd64.whl", hash = "sha256:54c377893f2cbbffe39abcff5ff2e917b082c364521fa079305f6f064e1a24a9"},
    {url = "https://files.pythonhosted.org/packages/45/2f/70f2e110a77dcb5490fe000aa380397968a09b8528f878aa1eadc0b11920/pymongo-4.3.3-cp310-cp310-macosx_10_9_universal2.whl", hash = "sha256:74731c9e423c93cbe791f60c27030b6af6a948cef67deca079da6cd1bb583a8e"},
    {url = "https://files.pythonhosted.org/packages/48/b3/048d832794acb914cf8cf396089a29301ee79417e18f068f38a1eace9408/pymongo-4.3.3-cp310-cp310-win_amd64.whl", hash = "sha256:cafa52873ae12baa512a8721afc20de67a36886baae6a5f394ddef0ce9391f91"},
    {url = "https://files.pythonhosted.org/packages/49/de/9005f70242f651fe4758a162eedbda13c9e55713083c345574c17cf8aa8f/pymongo-4.3.3-cp310-cp310-manylinux2014_aarch64.whl", hash = "sha256:9b87b23570565a6ddaa9244d87811c2ee9cffb02a753c8a2da9c077283d85845"},
    {url = "https://files.pythonhosted.org/packages/4a/92/9c11924649a557d95283882a4bcb67cfc32d6cb1528064a53c0bdb0540d7/pymongo-4.3.3-cp38-cp38-manylinux_2_5_x86_64.manylinux1_x86_64.whl", hash = "sha256:a9c2885b4a8e6e39db5662d8b02ca6dcec796a45e48c2de12552841f061692ba"},
    {url = "https://files.pythonhosted.org/packages/4b/ce/c6c6875dc14410952d3ff2e7960fb0498b1d9e70c483e5ce788c01fad54e/pymongo-4.3.3-cp311-cp311-manylinux_2_17_aarch64.manylinux2014_aarch64.whl", hash = "sha256:c0640b4e9d008e13956b004d1971a23377b3d45491f87082161c92efb1e6c0d6"},
    {url = "https://files.pythonhosted.org/packages/4e/ca/6c1cb5c69715c13312852d91cb62c175e7da58c91c428447db1a2364c646/pymongo-4.3.3-cp311-cp311-manylinux_2_17_x86_64.manylinux2014_x86_64.whl", hash = "sha256:d3a51901066696c4af38c6c63a1f0aeffd5e282367ff475de8c191ec9609b56d"},
    {url = "https://files.pythonhosted.org/packages/4f/2c/2da01e59e47cec96df562f0fe8ed6e1dd8b01a0ff8acd6d8ea1b59aaf82a/pymongo-4.3.3-cp310-cp310-manylinux_2_17_ppc64le.manylinux2014_ppc64le.whl", hash = "sha256:d86c35d94b5499689354ccbc48438a79f449481ee6300f3e905748edceed78e7"},
    {url = "https://files.pythonhosted.org/packages/4f/a9/32799279229f74f4d477f6c122dbbb4173f7d6d158bb9f7adf582c2ada20/pymongo-4.3.3-cp37-cp37m-manylinux_2_5_i686.manylinux1_i686.whl", hash = "sha256:6dd1cf2995fdbd64fc0802313e8323f5fa18994d51af059b5b8862b73b5e53f0"},
    {url = "https://files.pythonhosted.org/packages/60/2f/6b18e099cfabf8fbe86ec201f53afa73a8b80e2e9dcbdef52429492d236e/pymongo-4.3.3-cp39-cp39-manylinux1_x86_64.whl", hash = "sha256:8fd6e191b92a10310f5a6cfe10d6f839d79d192fb02480bda325286bd1c7b385"},
    {url = "https://files.pythonhosted.org/packages/63/0e/ac6759051f18adf5506fe0c458bc12d03d9e94d2dc83087b21dc21888154/pymongo-4.3.3-cp38-cp38-win_amd64.whl", hash = "sha256:d5571b6978750601f783cea07fb6b666837010ca57e5cefa389c1d456f6222e2"},
    {url = "https://files.pythonhosted.org/packages/63/74/51b2ec1b760169cbb19637913b86b6851dd9a57f95fe67adb7b0d1037469/pymongo-4.3.3-cp310-cp310-manylinux2014_ppc64le.whl", hash = "sha256:ffcc8394123ea8d43fff8e5d000095fe7741ce3f8988366c5c919c4f5eb179d3"},
    {url = "https://files.pythonhosted.org/packages/63/c8/a6e9f789cfbafc8293b5d94b0fa66b7a8854c6e74a04a74bc7585381ddd8/pymongo-4.3.3-cp310-cp310-manylinux_2_17_x86_64.manylinux2014_x86_64.whl", hash = "sha256:be1d2ce7e269215c3ee9a215e296b7a744aff4f39233486d2c4d77f5f0c561a6"},
    {url = "https://files.pythonhosted.org/packages/66/b6/8e554ee180a28aa3f99200eb1ab60ab180fbea1a55f47166a6da2fd93299/pymongo-4.3.3-cp38-cp38-manylinux2014_i686.whl", hash = "sha256:d07d06dba5b5f7d80f9cc45501456e440f759fe79f9895922ed486237ac378a8"},
    {url = "https://files.pythonhosted.org/packages/69/d4/9cd99a5d98353b6c10595ec969c087d63a93ce60741b52463a9fcb2114ad/pymongo-4.3.3-cp39-cp39-win32.whl", hash = "sha256:dc24d245026a72d9b4953729d31813edd4bd4e5c13622d96e27c284942d33f24"},
    {url = "https://files.pythonhosted.org/packages/6a/6c/246b69b8fc3071e9ff1f42480fbc29835b95e910655604b66bef0a282e78/pymongo-4.3.3-cp38-cp38-macosx_10_9_x86_64.whl", hash = "sha256:c184ec5be465c0319440734491e1aa4709b5f3ba75fdfc9dbbc2ae715a7f6829"},
    {url = "https://files.pythonhosted.org/packages/71/c7/c129dcde11ec97fe485cfc7a837284a0300bc4647a1bcb1e63f1ce050732/pymongo-4.3.3-cp37-cp37m-manylinux2014_s390x.whl", hash = "sha256:4d00b91c77ceb064c9b0459f0d6ea5bfdbc53ea9e17cf75731e151ef25a830c7"},
    {url = "https://files.pythonhosted.org/packages/74/7a/140e4c739319c3ee1163aa65bc91414ddf5b3c6376af19375e2dead1fbb5/pymongo-4.3.3-cp310-cp310-manylinux2014_s390x.whl", hash = "sha256:943f208840777f34312c103a2d1caab02d780c4e9be26b3714acf6c4715ba7e1"},
    {url = "https://files.pythonhosted.org/packages/74/a8/fe9d9c1f7d3a12b3d5c2b26fb267671a02f42b68ddd69d20105b6d87798b/pymongo-4.3.3-cp37-cp37m-manylinux2014_i686.whl", hash = "sha256:c09956606c08c4a7c6178a04ba2dd9388fcc5db32002ade9c9bc865ab156ab6d"},
    {url = "https://files.pythonhosted.org/packages/76/05/de90f39846ec83fe9e2099c7993266bb1a154f3a0777e78121f56fe08ee7/pymongo-4.3.3-cp38-cp38-manylinux_2_17_aarch64.manylinux2014_aarch64.whl", hash = "sha256:ef888f48eb9203ee1e04b9fb27429017b290fb916f1e7826c2f7808c88798394"},
    {url = "https://files.pythonhosted.org/packages/7d/33/aa74d9e5067bdd7b68cbe54ea5cad427883131d100c20d6a31ff0625a214/pymongo-4.3.3-cp39-cp39-manylinux2014_s390x.whl", hash = "sha256:8a06a0c02f5606330e8f2e2f3b7949877ca7e4024fa2bff5a4506bec66c49ec7"},
    {url = "https://files.pythonhosted.org/packages/81/37/c5c765526adb3f452ea4033d5d4e960514d53857b32c85fc2dfcac7aad86/pymongo-4.3.3-cp39-cp39-manylinux2014_i686.whl", hash = "sha256:b38a96b3eed8edc515b38257f03216f382c4389d022a8834667e2bc63c0c0c31"},
    {url = "https://files.pythonhosted.org/packages/81/5d/6d34f7b3cffe3efe38cac65de60beba7f1a14b8f5b64d27354bce33b924d/pymongo-4.3.3-cp37-cp37m-manylinux_2_17_s390x.manylinux2014_s390x.whl", hash = "sha256:47f7aa217b25833cd6f0e72b0d224be55393c2692b4f5e0561cb3beeb10296e9"},
    {url = "https://files.pythonhosted.org/packages/81/f1/5d56b0ffdda842298334135ac181032ee4624bc57101a538d67ba8958695/pymongo-4.3.3-cp39-cp39-manylinux2014_x86_64.whl", hash = "sha256:6c2216d8b6a6d019c6f4b1ad55f890e5e77eb089309ffc05b6911c09349e7474"},
    {url = "https://files.pythonhosted.org/packages/89/24/52d65bbb0cf038d73b49c9d1f6b251500d807ed2579aaa55cf5d788513be/pymongo-4.3.3-cp39-cp39-manylinux_2_5_x86_64.manylinux1_x86_64.whl", hash = "sha256:fd7bb378d82b88387dc10227cfd964f6273eb083e05299e9b97cbe075da12d11"},
    {url = "https://files.pythonhosted.org/packages/8b/8f/93649909ec1ba88fee224884884b4e10ac26c0ca00c58f1781036476d30d/pymongo-4.3.3-cp311-cp311-macosx_10_9_universal2.whl", hash = "sha256:599d3f6fbef31933b96e2d906b0f169b3371ff79ea6aaf6ecd76c947a3508a3d"},
    {url = "https://files.pythonhosted.org/packages/92/45/47134bdc3d628fa02945545c9d0cca1d7b349c507734860cf3614da77cb0/pymongo-4.3.3-cp38-cp38-manylinux2014_aarch64.whl", hash = "sha256:0c466710871d0026c190fc4141e810cf9d9affbf4935e1d273fbdc7d7cda6143"},
    {url = "https://files.pythonhosted.org/packages/93/da/d58cdba6e4c896300d1c939119c0911948a7edd94e10cc75048142e56160/pymongo-4.3.3-cp37-cp37m-manylinux_2_17_x86_64.manylinux2014_x86_64.whl", hash = "sha256:2c2fdc855149efe7cdcc2a01ca02bfa24761c640203ea94df467f3baf19078be"},
    {url = "https://files.pythonhosted.org/packages/96/48/8baccdb480d0ceb2799d1b6d2da780b6f174635c64f82fa27bc8fbb9d660/pymongo-4.3.3-cp38-cp38-manylinux_2_5_i686.manylinux1_i686.manylinux_2_17_i686.manylinux2014_i686.whl", hash = "sha256:7c051fe37c96b9878f37fa58906cb53ecd13dcb7341d3a85f1e2e2f6b10782d9"},
    {url = "https://files.pythonhosted.org/packages/97/9f/0156a752e50cfbc767a182c80a7e94174a772a94cb72a52f2660fc373c77/pymongo-4.3.3-cp39-cp39-manylinux_2_5_i686.manylinux1_i686.manylinux_2_17_i686.manylinux2014_i686.whl", hash = "sha256:7b16250238de8dafca225647608dddc7bbb5dce3dd53b4d8e63c1cc287394c2f"},
    {url = "https://files.pythonhosted.org/packages/98/4d/4423858f2587a3c15c9b40a70e3672e0902667874f24e77e5388d848715d/pymongo-4.3.3-cp39-cp39-manylinux_2_5_i686.manylinux1_i686.whl", hash = "sha256:7761cacb8745093062695b11574effea69db636c2fd0a9269a1f0183712927b4"},
    {url = "https://files.pythonhosted.org/packages/9a/31/482f7401e7bbbeb66ab6b4ac263e2b50435f4329cce1e72378972d48f6b5/pymongo-4.3.3.tar.gz", hash = "sha256:34e95ffb0a68bffbc3b437f2d1f25fc916fef3df5cdeed0992da5f42fae9b807"},
    {url = "https://files.pythonhosted.org/packages/a0/53/f8b2099b2d8dcec0e4070455b6b7a9ea5088ee07a745b0c6a711d55a5357/pymongo-4.3.3-cp39-cp39-win_amd64.whl", hash = "sha256:fc28e8d85d392a06434e9a934908d97e2cf453d69488d2bcd0bfb881497fd975"},
    {url = "https://files.pythonhosted.org/packages/a3/c6/ff88fce93529c9418c80854ecaf013254ab0b1d59f8f4fa2702419352d18/pymongo-4.3.3-cp311-cp311-win_amd64.whl", hash = "sha256:b8a03af1ce79b902a43f5f694c4ca8d92c2a4195db0966f08f266549e2fc49bc"},
    {url = "https://files.pythonhosted.org/packages/a9/8c/5ae0d794ff1771dd2a298f1a7d0889455a65874a98120171a002c8cb741a/pymongo-4.3.3-cp38-cp38-manylinux_2_17_x86_64.manylinux2014_x86_64.whl", hash = "sha256:52896e22115c97f1c829db32aa2760b0d61839cfe08b168c2b1d82f31dbc5f55"},
    {url = "https://files.pythonhosted.org/packages/b5/a2/a566780a2baeb108ae4b7e87add2c022090a39f728e9c808dee4c8b1efde/pymongo-4.3.3-cp37-cp37m-manylinux2014_ppc64le.whl", hash = "sha256:b0cfe925610f2fd59555bb7fc37bd739e4b197d33f2a8b2fae7b9c0c6640318c"},
    {url = "https://files.pythonhosted.org/packages/c4/3d/51e3ed544c4d4a0dbcafe197d582f9e922e73ea185bd5a19486c7c297308/pymongo-4.3.3-cp38-cp38-manylinux2014_s390x.whl", hash = "sha256:34b040e095e1671df0c095ec0b04fc4ebb19c4c160f87c2b55c079b16b1a6b00"},
    {url = "https://files.pythonhosted.org/packages/c4/b5/e2d246016d15c949736c9a4b4da4ec8e2045b661504be4b749c34188c2a5/pymongo-4.3.3-cp311-cp311-win32.whl", hash = "sha256:524d78673518dcd352a91541ecd2839c65af92dc883321c2109ef6e5cd22ef23"},
    {url = "https://files.pythonhosted.org/packages/c5/be/64441bc6f65ddca82ecb1231348c89257272c023a44658d59f044877a498/pymongo-4.3.3-cp37-cp37m-manylinux_2_17_aarch64.manylinux2014_aarch64.whl", hash = "sha256:c29e758f0e734e1e90357ae01ec9c6daf19ff60a051192fe110d8fb25c62600e"},
    {url = "https://files.pythonhosted.org/packages/c6/1f/cd1d6d21620125693cd6d21eb9264b885df553f3c51cb778b06fe96d6abd/pymongo-4.3.3-cp38-cp38-manylinux2014_ppc64le.whl", hash = "sha256:711bc52cb98e7892c03e9b669bebd89c0a890a90dbc6d5bb2c47f30239bac6e9"},
    {url = "https://files.pythonhosted.org/packages/c9/02/77f30505aa009f329ec935a2e0e856889e19568c1c6c7af4dbffe894c27e/pymongo-4.3.3-cp38-cp38-manylinux1_i686.whl", hash = "sha256:dca34367a4e77fcab0693e603a959878eaf2351585e7d752cac544bc6b2dee46"},
    {url = "https://files.pythonhosted.org/packages/d4/4d/cdfde31b4545d2f0aaabae9a9acd0dda6384f3d02b4f7a4b6a483f4bf749/pymongo-4.3.3-cp38-cp38-manylinux_2_5_i686.manylinux1_i686.whl", hash = "sha256:5134d33286c045393c7beb51be29754647cec5ebc051cf82799c5ce9820a2ca2"},
    {url = "https://files.pythonhosted.org/packages/d6/58/a39537805ca205b4b65503765ca110224a409e777c1825fd6c8108ec9fd0/pymongo-4.3.3-cp311-cp311-manylinux_2_17_ppc64le.manylinux2014_ppc64le.whl", hash = "sha256:341221e2f2866a5960e6f8610f4cbac0bb13097f3b1a289aa55aba984fc0d969"},
    {url = "https://files.pythonhosted.org/packages/dc/bc/1d69ee98cc0b50278f9c6044666a5dbd8b296e8bd3af733066f6bb8bc597/pymongo-4.3.3-cp37-cp37m-win32.whl", hash = "sha256:49210feb0be8051a64d71691f0acbfbedc33e149f0a5d6e271fddf6a12493fed"},
    {url = "https://files.pythonhosted.org/packages/df/2c/572e43db59a870b8df3332b94bd29ee7246bcba8cbb071b61174ecd1c834/pymongo-4.3.3-cp38-cp38-manylinux_2_17_ppc64le.manylinux2014_ppc64le.whl", hash = "sha256:316498b642c00401370b2156b5233b256f9b33799e0a8d9d0b8a7da217a20fca"},
    {url = "https://files.pythonhosted.org/packages/e1/ea/ca13d38405cea315683b085cfcf661cf48be9a9a786dcead86d9454fcc18/pymongo-4.3.3-cp37-cp37m-macosx_10_6_intel.whl", hash = "sha256:39b03045c71f761aee96a12ebfbc2f4be89e724ff6f5e31c2574c1a0e2add8bd"},
    {url = "https://files.pythonhosted.org/packages/e2/7c/a076b118f1b7aea6c8dc548d45441801b86486bf67765589112e28ea188d/pymongo-4.3.3-cp37-cp37m-manylinux2014_x86_64.whl", hash = "sha256:c6258a3663780ae47ba73d43eb63c79c40ffddfb764e09b56df33be2f9479837"},
    {url = "https://files.pythonhosted.org/packages/e7/e1/e2c577333ee346b411db65d9f62c746eca8b1062c55afdb5d2fb8ebc23fe/pymongo-4.3.3-cp38-cp38-manylinux_2_17_s390x.manylinux2014_s390x.whl", hash = "sha256:fa7e202feb683dad74f00dea066690448d0cfa310f8a277db06ec8eb466601b5"},
    {url = "https://files.pythonhosted.org/packages/ee/2a/223a77aab2d1d9f2ca86b1db60578f25ebd2f1c0f558fcf46d05457865d1/pymongo-4.3.3-cp38-cp38-manylinux1_x86_64.whl", hash = "sha256:cd6a4afb20fb3c26a7bfd4611a0bbb24d93cbd746f5eb881f114b5e38fd55501"},
    {url = "https://files.pythonhosted.org/packages/f0/25/5331b822a0e2486efe75c741fa9dcb500b67ecfb0223f26179afa60f1c17/pymongo-4.3.3-cp37-cp37m-manylinux2014_aarch64.whl", hash = "sha256:3b93043b14ba7eb08c57afca19751658ece1cfa2f0b7b1fb5c7a41452fbb8482"},
    {url = "https://files.pythonhosted.org/packages/f2/4a/68ab4706a992fd7b01ec53a9e2138733972895b260578e544221845770dd/pymongo-4.3.3-cp310-cp310-manylinux1_i686.whl", hash = "sha256:66413c50d510e5bcb0afc79880d1693a2185bcea003600ed898ada31338c004e"},
    {url = "https://files.pythonhosted.org/packages/f3/87/f2ccd99ea5184d9a9013acca92f3060e29253038df8003148b1a643e6165/pymongo-4.3.3-cp310-cp310-manylinux2014_i686.whl", hash = "sha256:695939036a320f4329ccf1627edefbbb67cc7892b8222d297b0dd2313742bfee"},
    {url = "https://files.pythonhosted.org/packages/f4/d6/3088b63536c74c4e9cf687916712843e7d4abfc981eca3e264ec801372af/pymongo-4.3.3-cp38-cp38-win32.whl", hash = "sha256:a6cd6f1db75eb07332bd3710f58f5fce4967eadbf751bad653842750a61bda62"},
    {url = "https://files.pythonhosted.org/packages/f8/ef/bd801e889305bc48ca3210569ea613d66a52c717578a465ac2792cec709a/pymongo-4.3.3-cp310-cp310-manylinux2014_x86_64.whl", hash = "sha256:01f7cbe88d22440b6594c955e37312d932fd632ffed1a86d0c361503ca82cc9d"},
    {url = "https://files.pythonhosted.org/packages/fa/6a/bf5391534a10cfb4a2b4a9e6697f17115fc460da8041ec67835c23d2ff59/pymongo-4.3.3-cp310-cp310-manylinux_2_17_s390x.manylinux2014_s390x.whl", hash = "sha256:a966d5304b7d90c45c404914e06bbf02c5bf7e99685c6c12f0047ef2aa837142"},
    {url = "https://files.pythonhosted.org/packages/fc/28/1b934e5839bf12b022782561c803ee63149737d6c5f9627d3299cd28516f/pymongo-4.3.3-cp37-cp37m-manylinux1_x86_64.whl", hash = "sha256:7d43ac9c7eeda5100fb0a7152fab7099c9cf9e5abd3bb36928eb98c7d7a339c6"},
]
"setuptools 67.7.2" = [
    {url = "https://files.pythonhosted.org/packages/2f/8c/f336a966d4097c7cef6fc699b2ecb83b5fb63fd698198c1b5c7905a74f0f/setuptools-67.7.2-py3-none-any.whl", hash = "sha256:23aaf86b85ca52ceb801d32703f12d77517b2556af839621c641fca11287952b"},
    {url = "https://files.pythonhosted.org/packages/fd/53/e5d7ae40d03e4ed20b7cba317cf9c0c97097c8debb39f9d72d182a6578a2/setuptools-67.7.2.tar.gz", hash = "sha256:f104fa03692a2602fa0fec6c6a9e63b6c8a968de13e17c026957dd1f53d80990"},
]
